
Microsoft Visual Studio Solution File, Format Version 12.00
# Visual Studio Version 17
VisualStudioVersion = 17.2.32616.157
MinimumVisualStudioVersion = 10.0.40219.1
Project("{FAE04EC0-301F-11D3-BF4B-00C04F79EFBC}") = "Models", "Models\Models.csproj", "{FD97CE12-903F-4918-ACCE-9544DCA40A96}"
EndProject
Project("{FAE04EC0-301F-11D3-BF4B-00C04F79EFBC}") = "Services", "Services\Services.csproj", "{50BEEB73-12B6-46B5-A5B8-C090C95445A2}"
EndProject
Project("{FAE04EC0-301F-11D3-BF4B-00C04F79EFBC}") = "UI", "UI\UI.csproj", "{8565064C-354B-4864-A3B6-84B684C0483E}"
EndProject
Global
	GlobalSection(SolutionConfigurationPlatforms) = preSolution
		Debug|Any CPU = Debug|Any CPU
		Release|Any CPU = Release|Any CPU
	EndGlobalSection
	GlobalSection(ProjectConfigurationPlatforms) = postSolution
		{FD97CE12-903F-4918-ACCE-9544DCA40A96}.Debug|Any CPU.ActiveCfg = Debug|Any CPU
		{FD97CE12-903F-4918-ACCE-9544DCA40A96}.Debug|Any CPU.Build.0 = Debug|Any CPU
		{FD97CE12-903F-4918-ACCE-9544DCA40A96}.Release|Any CPU.ActiveCfg = Release|Any CPU
		{FD97CE12-903F-4918-ACCE-9544DCA40A96}.Release|Any CPU.Build.0 = Release|Any CPU
		{50BEEB73-12B6-46B5-A5B8-C090C95445A2}.Debug|Any CPU.ActiveCfg = Debug|Any CPU
		{50BEEB73-12B6-46B5-A5B8-C090C95445A2}.Debug|Any CPU.Build.0 = Debug|Any CPU
		{50BEEB73-12B6-46B5-A5B8-C090C95445A2}.Release|Any CPU.ActiveCfg = Release|Any CPU
		{50BEEB73-12B6-46B5-A5B8-C090C95445A2}.Release|Any CPU.Build.0 = Release|Any CPU
		{8565064C-354B-4864-A3B6-84B684C0483E}.Debug|Any CPU.ActiveCfg = Debug|Any CPU
		{8565064C-354B-4864-A3B6-84B684C0483E}.Debug|Any CPU.Build.0 = Debug|Any CPU
		{8565064C-354B-4864-A3B6-84B684C0483E}.Release|Any CPU.ActiveCfg = Release|Any CPU
		{8565064C-354B-4864-A3B6-84B684C0483E}.Release|Any CPU.Build.0 = Release|Any CPU
	EndGlobalSection
	GlobalSection(SolutionProperties) = preSolution
		HideSolutionNode = FALSE
	EndGlobalSection
	GlobalSection(ExtensibilityGlobals) = postSolution
		SolutionGuid = {D3C7B271-F463-472F-92F7-EEF97E72F9AB}
	EndGlobalSection
EndGlobal
